
Microsoft Visual Studio Solution File, Format Version 12.00
# Visual Studio 15
VisualStudioVersion = 15.0.28307.539
MinimumVisualStudioVersion = 10.0.40219.1
Project("{FAE04EC0-301F-11D3-BF4B-00C04F79EFBC}") = "WebApplication1", "WebApplication1\WebApplication1.csproj", "{38C74FD9-DA20-453B-9A5A-A8099E0EB992}"
EndProject
Global
	GlobalSection(SolutionConfigurationPlatforms) = preSolution
		Debug|Any CPU = Debug|Any CPU
		Release|Any CPU = Release|Any CPU
	EndGlobalSection
	GlobalSection(ProjectConfigurationPlatforms) = postSolution
		{38C74FD9-DA20-453B-9A5A-A8099E0EB992}.Debug|Any CPU.ActiveCfg = Debug|Any CPU
		{38C74FD9-DA20-453B-9A5A-A8099E0EB992}.Debug|Any CPU.Build.0 = Debug|Any CPU
		{38C74FD9-DA20-453B-9A5A-A8099E0EB992}.Release|Any CPU.ActiveCfg = Release|Any CPU
		{38C74FD9-DA20-453B-9A5A-A8099E0EB992}.Release|Any CPU.Build.0 = Release|Any CPU
	EndGlobalSection
	GlobalSection(SolutionProperties) = preSolution
		HideSolutionNode = FALSE
	EndGlobalSection
	GlobalSection(ExtensibilityGlobals) = postSolution
		SolutionGuid = {65BF396F-0B19-45AD-9366-38FFFAD2651C}
	EndGlobalSection
EndGlobal
